
Microsoft Visual Studio Solution File, Format Version 12.00
# Visual Studio 15
VisualStudioVersion = 15.0.26124.0
MinimumVisualStudioVersion = 15.0.26124.0
Project("{F2A71F9B-5D33-465A-A702-920D77279786}") = "Sorting", "Sorting\Sorting.fsproj", "{51369784-70DC-482B-B885-AA71FC438811}"
EndProject
Project("{F2A71F9B-5D33-465A-A702-920D77279786}") = "Sorting.Tests", "Sorting.Tests\Sorting.Tests.fsproj", "{4DEBA147-D881-4893-8BF7-06297494598C}"
EndProject
Global
	GlobalSection(SolutionConfigurationPlatforms) = preSolution
		Debug|Any CPU = Debug|Any CPU
		Debug|x64 = Debug|x64
		Debug|x86 = Debug|x86
		Release|Any CPU = Release|Any CPU
		Release|x64 = Release|x64
		Release|x86 = Release|x86
	EndGlobalSection
	GlobalSection(SolutionProperties) = preSolution
		HideSolutionNode = FALSE
	EndGlobalSection
	GlobalSection(ProjectConfigurationPlatforms) = postSolution
		{51369784-70DC-482B-B885-AA71FC438811}.Debug|Any CPU.ActiveCfg = Debug|Any CPU
		{51369784-70DC-482B-B885-AA71FC438811}.Debug|Any CPU.Build.0 = Debug|Any CPU
		{51369784-70DC-482B-B885-AA71FC438811}.Debug|x64.ActiveCfg = Debug|Any CPU
		{51369784-70DC-482B-B885-AA71FC438811}.Debug|x64.Build.0 = Debug|Any CPU
		{51369784-70DC-482B-B885-AA71FC438811}.Debug|x86.ActiveCfg = Debug|Any CPU
		{51369784-70DC-482B-B885-AA71FC438811}.Debug|x86.Build.0 = Debug|Any CPU
		{51369784-70DC-482B-B885-AA71FC438811}.Release|Any CPU.ActiveCfg = Release|Any CPU
		{51369784-70DC-482B-B885-AA71FC438811}.Release|Any CPU.Build.0 = Release|Any CPU
		{51369784-70DC-482B-B885-AA71FC438811}.Release|x64.ActiveCfg = Release|Any CPU
		{51369784-70DC-482B-B885-AA71FC438811}.Release|x64.Build.0 = Release|Any CPU
		{51369784-70DC-482B-B885-AA71FC438811}.Release|x86.ActiveCfg = Release|Any CPU
		{51369784-70DC-482B-B885-AA71FC438811}.Release|x86.Build.0 = Release|Any CPU
		{4DEBA147-D881-4893-8BF7-06297494598C}.Debug|Any CPU.ActiveCfg = Debug|Any CPU
		{4DEBA147-D881-4893-8BF7-06297494598C}.Debug|Any CPU.Build.0 = Debug|Any CPU
		{4DEBA147-D881-4893-8BF7-06297494598C}.Debug|x64.ActiveCfg = Debug|Any CPU
		{4DEBA147-D881-4893-8BF7-06297494598C}.Debug|x64.Build.0 = Debug|Any CPU
		{4DEBA147-D881-4893-8BF7-06297494598C}.Debug|x86.ActiveCfg = Debug|Any CPU
		{4DEBA147-D881-4893-8BF7-06297494598C}.Debug|x86.Build.0 = Debug|Any CPU
		{4DEBA147-D881-4893-8BF7-06297494598C}.Release|Any CPU.ActiveCfg = Release|Any CPU
		{4DEBA147-D881-4893-8BF7-06297494598C}.Release|Any CPU.Build.0 = Release|Any CPU
		{4DEBA147-D881-4893-8BF7-06297494598C}.Release|x64.ActiveCfg = Release|Any CPU
		{4DEBA147-D881-4893-8BF7-06297494598C}.Release|x64.Build.0 = Release|Any CPU
		{4DEBA147-D881-4893-8BF7-06297494598C}.Release|x86.ActiveCfg = Release|Any CPU
		{4DEBA147-D881-4893-8BF7-06297494598C}.Release|x86.Build.0 = Release|Any CPU
	EndGlobalSection
EndGlobal
